<?xml version="1.0" encoding="utf-8"?>
<Project ToolsVersion="4.0" xmlns="http://schemas.microsoft.com/developer/msbuild/2003">
  <ItemGroup>
    <Filter Include="Source Files">
      <UniqueIdentifier>{67DA6AB6-F800-4c08-8B7A-83BB121AAD01}</UniqueIdentifier>
      <Extensions>rc;ico;cur;bmp;dlg;rc2;rct;bin;rgs;gif;jpg;jpeg;jpe;resx;tiff;tif;png;wav;mfcribbon-ms</Extensions>
    </Filter>
    <Filter Include="Source Files\utils">
      <UniqueIdentifier>{cea24643-47f8-49b7-bfc8-5b32f4ddd667}</UniqueIdentifier>
    </Filter>
    <Filter Include="Source Files\deps">
      <UniqueIdentifier>{3a48ed01-a7b3-4ee2-951e-ef5b772b4a0e}</UniqueIdentifier>
    </Filter>
  </ItemGroup>
  <ItemGroup>
    <ClCompile Include="src\renderer.cpp">
      <Filter>Source Files</Filter>
    </ClCompile>
    <ClCompile Include="src\window.cpp">
      <Filter>Source Files</Filter>
    </ClCompile>
    <ClCompile Include="src\shader.cpp">
      <Filter>Source Files</Filter>
    </ClCompile>
    <ClCompile Include="src\loader.cpp">
      <Filter>Source Files\utils</Filter>
    </ClCompile>
    <ClCompile Include="src\glad\src\glad.c">
      <Filter>Source Files\deps</Filter>
    </ClCompile>
    <ClCompile Include="src\core.cpp">
      <Filter>Source Files</Filter>
    </ClCompile>
    <ClCompile Include="src\lib_time.cpp">
      <Filter>Source Files\utils</Filter>
    </ClCompile>
    <ClCompile Include="src\shape.cpp">
      <Filter>Source Files</Filter>
    </ClCompile>
    <ClCompile Include="src\triangle.cpp">
      <Filter>Source Files</Filter>
    </ClCompile>
    <ClCompile Include="src\entity.cpp">
      <Filter>Source Files</Filter>
    </ClCompile>
    <ClCompile Include="src\myMaths.cpp">
      <Filter>Source Files\utils</Filter>
    </ClCompile>
    <ClCompile Include="src\base_game.cpp">
      <Filter>Source Files</Filter>
    </ClCompile>
  </ItemGroup>
  <ItemGroup>
    <ClInclude Include="src\renderer.h">
      <Filter>Source Files</Filter>
    </ClInclude>
    <ClInclude Include="src\window.h">
      <Filter>Source Files</Filter>
    </ClInclude>
    <ClInclude Include="src\shader.h">
      <Filter>Source Files</Filter>
    </ClInclude>
    <ClInclude Include="src\loader.h">
      <Filter>Source Files\utils</Filter>
    </ClInclude>
    <ClInclude Include="src\stb_image.h">
      <Filter>Source Files\deps</Filter>
    </ClInclude>
    <ClInclude Include="src\deps.h">
      <Filter>Source Files\deps</Filter>
    </ClInclude>
    <ClInclude Include="src\core.h">
      <Filter>Source Files</Filter>
    </ClInclude>
    <ClInclude Include="src\lib_time.h">
      <Filter>Source Files\utils</Filter>
    </ClInclude>
    <ClInclude Include="src\shape.h">
      <Filter>Source Files</Filter>
    </ClInclude>
    <ClInclude Include="src\triangle.h">
      <Filter>Source Files</Filter>
    </ClInclude>
    <ClInclude Include="src\transform.h">
      <Filter>Source Files</Filter>
    </ClInclude>
    <ClInclude Include="src\entity.h">
      <Filter>Source Files</Filter>
    </ClInclude>
    <ClInclude Include="src\myMaths.h">
      <Filter>Source Files\utils</Filter>
    </ClInclude>
    <ClInclude Include="src\base_game.h">
      <Filter>Source Files</Filter>
    </ClInclude>
  </ItemGroup>
</Project>